
Microsoft Visual Studio Solution File, Format Version 12.00
# Visual Studio Version 16
VisualStudioVersion = 16.0.31313.79
MinimumVisualStudioVersion = 10.0.40219.1
Project("{FAE04EC0-301F-11D3-BF4B-00C04F79EFBC}") = "Movie.API", "Movie.API\Movie.API.csproj", "{C296C66B-7DBE-45AF-AF4F-F70F05B76136}"
EndProject
Global
	GlobalSection(SolutionConfigurationPlatforms) = preSolution
		Debug|Any CPU = Debug|Any CPU
		Release|Any CPU = Release|Any CPU
	EndGlobalSection
	GlobalSection(ProjectConfigurationPlatforms) = postSolution
		{C296C66B-7DBE-45AF-AF4F-F70F05B76136}.Debug|Any CPU.ActiveCfg = Debug|Any CPU
		{C296C66B-7DBE-45AF-AF4F-F70F05B76136}.Debug|Any CPU.Build.0 = Debug|Any CPU
		{C296C66B-7DBE-45AF-AF4F-F70F05B76136}.Release|Any CPU.ActiveCfg = Release|Any CPU
		{C296C66B-7DBE-45AF-AF4F-F70F05B76136}.Release|Any CPU.Build.0 = Release|Any CPU
	EndGlobalSection
	GlobalSection(SolutionProperties) = preSolution
		HideSolutionNode = FALSE
	EndGlobalSection
	GlobalSection(ExtensibilityGlobals) = postSolution
		SolutionGuid = {C93DC2FD-DF67-48F1-9F59-D06B1959327D}
	EndGlobalSection
EndGlobal
